{
  "requires": true,
  "lockfileVersion": 1,
  "dependencies": {
    "vue-highchart": {
      "version": "0.0.2",
      "resolved": "https://registry.npmjs.org/vue-highchart/-/vue-highchart-0.0.2.tgz",
      "integrity": "sha512-smlalXNqhofbnViAcMSTAOFvXht6Og8sdMiYEfBXz+3tOA9Fgjldw2k1FOQJcvYmdo2yVn3tKlnpSKujC8Lg2Q=="
    }
  }
}
